<Solution>
  <Folder Name="/Task0/">
    <Project Path="Tyuiu.TurpitkoDR.Sprint0.Task0.V0/Tyuiu.TurpitkoDR.Sprint0.Task0.V0.csproj" />
  </Folder>
  <Folder Name="/Task1/">
    <Project Path="Tyuiu.TurpitkoDR.Sprint0.Task1.V0/Tyuiu.TurpitkoDR.Sprint0.Task1.V0.csproj" Id="259930a5-98c3-4e9b-a35c-5ac4ab1e01d3" />
  </Folder>
  <Folder Name="/Task2/">
    <Project Path="Tyuiu.TurpitkoDR.Sprint0.Task2.V0.Lib/Tyuiu.TurpitkoDR.Sprint0.Task2.V0.Lib.csproj" Id="b734b1a9-a374-4ca1-a89d-42c498291454" />
    <Project Path="Tyuiu.TurpitkoDR.Sprint0.Task2.V0.Test/Tyuiu.TurpitkoDR.Sprint0.Task2.V0.Test.csproj" Id="d8ec48b3-b7e6-4fd7-9104-015a37203570" />
    <Project Path="Tyuiu.TurpitkoDR.Sprint0.Task2.V0/Tyuiu.TurpitkoDR.Sprint0.Task2.V0.csproj" Id="1e23c218-d9e1-4767-aa16-80aa1eb8ecb2" />
  </Folder>
  <Folder Name="/Task3/">
    <Project Path="Tyuiu.TurpitkoDR.Sprint0.Task3.V0.Lib/Tyuiu.TurpitkoDR.Sprint0.Task3.V0.Lib.csproj" Id="3e85abf3-46b7-4afd-b3e1-6f5faebf1f8e" />
    <Project Path="Tyuiu.TurpitkoDR.Sprint0.Task3.V0.Test/Tyuiu.TurpitkoDR.Sprint0.Task3.V0.Test.csproj" Id="ac11c5f0-47bb-4401-9deb-4cda9ba9f336" />
    <Project Path="Tyuiu.TurpitkoDR.Sprint0.Task3.V0/Tyuiu.TurpitkoDR.Sprint0.Task3.V0.csproj" Id="a8ea623e-1cf3-471b-a044-0e4d0c8e8c33" />
  </Folder>
  <Folder Name="/Task4/">
    <Project Path="Tyuiu.TurpitkoDR.Sprint0.Task4.V0.Lib/Tyuiu.TurpitkoDR.Sprint0.Task4.V0.Lib.csproj" Id="5321e58e-d619-434f-82b8-66e10c96fffd" />
    <Project Path="Tyuiu.TurpitkoDR.Sprint0.Task4.V0.Test/Tyuiu.TurpitkoDR.Sprint0.Task4.V0.Test.csproj" Id="aa1fd8ea-3bda-498e-9ecc-4053a54662cc" />
    <Project Path="Tyuiu.TurpitkoDR.Sprint0.Task4.V0/Tyuiu.TurpitkoDR.Sprint0.Task4.V0.csproj" Id="4f86b7f9-a9bc-4eee-be6f-bc18dc1a953d" />
  </Folder>
  <Folder Name="/Task5/">
    <Project Path="Tyuiu.TurpitkoDR.Sprint0.Task5.V0.Lib/Tyuiu.TurpitkoDR.Sprint0.Task5.V0.Lib.csproj" Id="c2b8b596-980f-457c-a6ef-d6fbcff74193" />
    <Project Path="Tyuiu.TurpitkoDR.Sprint0.Task5.V0.Test/Tyuiu.TurpitkoDR.Sprint0.Task5.V0.Test.csproj" Id="925b0d44-ca66-4ec5-8365-41e8b39bc1fb" />
    <Project Path="Tyuiu.TurpitkoDR.Sprint0.Task5.V0/Tyuiu.TurpitkoDR.Sprint0.Task5.V0.csproj" Id="c1a4eb06-2fae-40f2-af2f-624df1add78c" />
  </Folder>
  <Folder Name="/Task6/">
    <Project Path="Tyuiu.TurpitkoDR.Sprint0.Task6.V0.Lib/Tyuiu.TurpitkoDR.Sprint0.Task6.V0.Lib.csproj" Id="e39eebdb-07e4-4a6d-99de-f536e0eac1a7" />
    <Project Path="Tyuiu.TurpitkoDR.Sprint0.Task6.V0.Test/Tyuiu.TurpitkoDR.Sprint0.Task6.V0.Test.csproj" Id="d892b627-9a40-4482-a920-effe7f34e766" />
    <Project Path="Tyuiu.TurpitkoDR.Sprint0.Task6.V0/Tyuiu.TurpitkoDR.Sprint0.Task6.V0.csproj" Id="e1e4ef09-4492-40a5-9d91-d5da994fc4cd" />
  </Folder>
  <Folder Name="/Task7/">
    <Project Path="Tyuiu.TurpitkoDR.Sprint0.Task7.V0.Lib/Tyuiu.TurpitkoDR.Sprint0.Task7.V0.Lib.csproj" Id="284b1cef-c096-4fca-bbb7-dfafc5a19bde" />
    <Project Path="Tyuiu.TurpitkoDR.Sprint0.Task7.V0.Test/Tyuiu.TurpitkoDR.Sprint0.Task7.V0.Test.csproj" Id="1f82e4fe-39e6-4954-8d38-7c214c6bdfb9" />
    <Project Path="Tyuiu.TurpitkoDR.Sprint0.Task7.V0/Tyuiu.TurpitkoDR.Sprint0.Task7.V0.csproj" Id="18a4ad32-b1d1-4120-8063-d2ec79343615" />
  </Folder>
</Solution>
